
Microsoft Visual Studio Solution File, Format Version 12.00
Project("{FAE04EC0-301F-11D3-BF4B-00C04F79EFBC}") = "Client", "Client\Client.csproj", "{9399C99E-61BC-42AD-8478-AB6964708E8B}"
EndProject
Project("{FAE04EC0-301F-11D3-BF4B-00C04F79EFBC}") = "Intranet", "Intranet\Intranet.csproj", "{160D9CB3-216A-468B-9BE9-91A24DD7E86D}"
EndProject
Project("{FAE04EC0-301F-11D3-BF4B-00C04F79EFBC}") = "Core", "Core\Core.csproj", "{8C0E7F1A-1B2C-3D4E-5F6A-7B8C9D0E1F2A}"
EndProject
Project("{FAE04EC0-301F-11D3-BF4B-00C04F79EFBC}") = "Tests", "Tests\Tests.csproj", "{F15A9EB0-FD02-4673-9CE2-1F6445C453D0}"
EndProject
Global
	GlobalSection(SolutionConfigurationPlatforms) = preSolution
		Debug|Any CPU = Debug|Any CPU
		Release|Any CPU = Release|Any CPU
	EndGlobalSection
	GlobalSection(ProjectConfigurationPlatforms) = postSolution
		{9399C99E-61BC-42AD-8478-AB6964708E8B}.Debug|Any CPU.ActiveCfg = Debug|Any CPU
		{9399C99E-61BC-42AD-8478-AB6964708E8B}.Debug|Any CPU.Build.0 = Debug|Any CPU
		{9399C99E-61BC-42AD-8478-AB6964708E8B}.Release|Any CPU.ActiveCfg = Release|Any CPU
		{9399C99E-61BC-42AD-8478-AB6964708E8B}.Release|Any CPU.Build.0 = Release|Any CPU
		{160D9CB3-216A-468B-9BE9-91A24DD7E86D}.Debug|Any CPU.ActiveCfg = Debug|Any CPU
		{160D9CB3-216A-468B-9BE9-91A24DD7E86D}.Debug|Any CPU.Build.0 = Debug|Any CPU
		{160D9CB3-216A-468B-9BE9-91A24DD7E86D}.Release|Any CPU.ActiveCfg = Release|Any CPU
		{160D9CB3-216A-468B-9BE9-91A24DD7E86D}.Release|Any CPU.Build.0 = Release|Any CPU
		{8C0E7F1A-1B2C-3D4E-5F6A-7B8C9D0E1F2A}.Debug|Any CPU.ActiveCfg = Debug|Any CPU
		{8C0E7F1A-1B2C-3D4E-5F6A-7B8C9D0E1F2A}.Debug|Any CPU.Build.0 = Debug|Any CPU
		{8C0E7F1A-1B2C-3D4E-5F6A-7B8C9D0E1F2A}.Release|Any CPU.ActiveCfg = Release|Any CPU
		{8C0E7F1A-1B2C-3D4E-5F6A-7B8C9D0E1F2A}.Release|Any CPU.Build.0 = Release|Any CPU
		{F15A9EB0-FD02-4673-9CE2-1F6445C453D0}.Debug|Any CPU.ActiveCfg = Debug|Any CPU
		{F15A9EB0-FD02-4673-9CE2-1F6445C453D0}.Debug|Any CPU.Build.0 = Debug|Any CPU
		{F15A9EB0-FD02-4673-9CE2-1F6445C453D0}.Release|Any CPU.ActiveCfg = Release|Any CPU
		{F15A9EB0-FD02-4673-9CE2-1F6445C453D0}.Release|Any CPU.Build.0 = Release|Any CPU
	EndGlobalSection
EndGlobal
